// !$*UTF8*$!
{
	archiveVersion = 1;
	classes = {
	};
	objectVersion = 77;
	objects = {

/* Begin PBXBuildFile section */
		C63A09AE2EC5824F005CDAAE /* WidgetKit.framework in Frameworks */ = {isa = PBXBuildFile; fileRef = C63A09AD2EC5824F005CDAAE /* WidgetKit.framework */; };
		C63A09B02EC5824F005CDAAE /* SwiftUI.framework in Frameworks */ = {isa = PBXBuildFile; fileRef = C63A09AF2EC5824F005CDAAE /* SwiftUI.framework */; };
		C63A09BF2EC5824F005CDAAE /* WealthyExtension.appex in Embed Foundation Extensions */ = {isa = PBXBuildFile; fileRef = C63A09AB2EC5824F005CDAAE /* WealthyExtension.appex */; settings = {ATTRIBUTES = (RemoveHeadersOnCopy, ); }; };
/* End PBXBuildFile section */

/* Begin PBXContainerItemProxy section */
		C63A09BD2EC5824F005CDAAE /* PBXContainerItemProxy */ = {
			isa = PBXContainerItemProxy;
			containerPortal = C6FF485E2EBE5C0A00A528A7 /* Project object */;
			proxyType = 1;
			remoteGlobalIDString = C63A09AA2EC5824F005CDAAE;
			remoteInfo = WealthyExtension;
		};
		C64A90802EC048CB001E1F52 /* PBXContainerItemProxy */ = {
			isa = PBXContainerItemProxy;
			containerPortal = C6FF485E2EBE5C0A00A528A7 /* Project object */;
			proxyType = 1;
			remoteGlobalIDString = C6FF48652EBE5C0A00A528A7;
			remoteInfo = MyWealth;
		};
/* End PBXContainerItemProxy section */

/* Begin PBXCopyFilesBuildPhase section */
		C63A09C02EC5824F005CDAAE /* Embed Foundation Extensions */ = {
			isa = PBXCopyFilesBuildPhase;
			buildActionMask = 2147483647;
			dstPath = "";
			dstSubfolderSpec = 13;
			files = (
				C63A09BF2EC5824F005CDAAE /* WealthyExtension.appex in Embed Foundation Extensions */,
			);
			name = "Embed Foundation Extensions";
			runOnlyForDeploymentPostprocessing = 0;
		};
/* End PBXCopyFilesBuildPhase section */

/* Begin PBXFileReference section */
		C63A09AB2EC5824F005CDAAE /* WealthyExtension.appex */ = {isa = PBXFileReference; explicitFileType = "wrapper.app-extension"; includeInIndex = 0; path = WealthyExtension.appex; sourceTree = BUILT_PRODUCTS_DIR; };
		C63A09AD2EC5824F005CDAAE /* WidgetKit.framework */ = {isa = PBXFileReference; lastKnownFileType = wrapper.framework; name = WidgetKit.framework; path = System/Library/Frameworks/WidgetKit.framework; sourceTree = SDKROOT; };
		C63A09AF2EC5824F005CDAAE /* SwiftUI.framework */ = {isa = PBXFileReference; lastKnownFileType = wrapper.framework; name = SwiftUI.framework; path = System/Library/Frameworks/SwiftUI.framework; sourceTree = SDKROOT; };
		C64A907C2EC048CB001E1F52 /* MyWealthTests.xctest */ = {isa = PBXFileReference; explicitFileType = wrapper.cfbundle; includeInIndex = 0; path = MyWealthTests.xctest; sourceTree = BUILT_PRODUCTS_DIR; };
		C6FF48662EBE5C0A00A528A7 /* MyWealth.app */ = {isa = PBXFileReference; explicitFileType = wrapper.application; includeInIndex = 0; path = MyWealth.app; sourceTree = BUILT_PRODUCTS_DIR; };
/* End PBXFileReference section */

/* Begin PBXFileSystemSynchronizedBuildFileExceptionSet section */
		C63A09C42EC5824F005CDAAE /* Exceptions for "Wealthy" folder in "WealthyExtension" target */ = {
			isa = PBXFileSystemSynchronizedBuildFileExceptionSet;
			membershipExceptions = (
				Info.plist,
			);
			target = C63A09AA2EC5824F005CDAAE /* WealthyExtension */;
		};
		C6FF48732EBE5C0B00A528A7 /* Exceptions for "MyWealth" folder in "MyWealth" target */ = {
			isa = PBXFileSystemSynchronizedBuildFileExceptionSet;
			membershipExceptions = (
				Info.plist,
			);
			target = C6FF48652EBE5C0A00A528A7 /* MyWealth */;
		};
/* End PBXFileSystemSynchronizedBuildFileExceptionSet section */

/* Begin PBXFileSystemSynchronizedRootGroup section */
		C63A09B12EC5824F005CDAAE /* Wealthy */ = {
			isa = PBXFileSystemSynchronizedRootGroup;
			exceptions = (
				C63A09C42EC5824F005CDAAE /* Exceptions for "Wealthy" folder in "WealthyExtension" target */,
			);
			path = Wealthy;
			sourceTree = "<group>";
		};
		C64A907D2EC048CB001E1F52 /* MyWealthTests */ = {
			isa = PBXFileSystemSynchronizedRootGroup;
			path = MyWealthTests;
			sourceTree = "<group>";
		};
		C6FF48682EBE5C0A00A528A7 /* MyWealth */ = {
			isa = PBXFileSystemSynchronizedRootGroup;
			exceptions = (
				C6FF48732EBE5C0B00A528A7 /* Exceptions for "MyWealth" folder in "MyWealth" target */,
			);
			path = MyWealth;
			sourceTree = "<group>";
		};
/* End PBXFileSystemSynchronizedRootGroup section */

/* Begin PBXFrameworksBuildPhase section */
		C63A09A82EC5824F005CDAAE /* Frameworks */ = {
			isa = PBXFrameworksBuildPhase;
			buildActionMask = 2147483647;
			files = (
				C63A09B02EC5824F005CDAAE /* SwiftUI.framework in Frameworks */,
				C63A09AE2EC5824F005CDAAE /* WidgetKit.framework in Frameworks */,
			);
			runOnlyForDeploymentPostprocessing = 0;
		};
		C64A90792EC048CB001E1F52 /* Frameworks */ = {
			isa = PBXFrameworksBuildPhase;
			buildActionMask = 2147483647;
			files = (
			);
			runOnlyForDeploymentPostprocessing = 0;
		};
		C6FF48632EBE5C0A00A528A7 /* Frameworks */ = {
			isa = PBXFrameworksBuildPhase;
			buildActionMask = 2147483647;
			files = (
			);
			runOnlyForDeploymentPostprocessing = 0;
		};
/* End PBXFrameworksBuildPhase section */

/* Begin PBXGroup section */
		C63A09AC2EC5824F005CDAAE /* Frameworks */ = {
			isa = PBXGroup;
			children = (
				C63A09AD2EC5824F005CDAAE /* WidgetKit.framework */,
				C63A09AF2EC5824F005CDAAE /* SwiftUI.framework */,
			);
			name = Frameworks;
			sourceTree = "<group>";
		};
		C6FF485D2EBE5C0A00A528A7 = {
			isa = PBXGroup;
			children = (
				C6FF48682EBE5C0A00A528A7 /* MyWealth */,
				C64A907D2EC048CB001E1F52 /* MyWealthTests */,
				C63A09B12EC5824F005CDAAE /* Wealthy */,
				C63A09AC2EC5824F005CDAAE /* Frameworks */,
				C6FF48672EBE5C0A00A528A7 /* Products */,
			);
			sourceTree = "<group>";
		};
		C6FF48672EBE5C0A00A528A7 /* Products */ = {
			isa = PBXGroup;
			children = (
				C6FF48662EBE5C0A00A528A7 /* MyWealth.app */,
				C64A907C2EC048CB001E1F52 /* MyWealthTests.xctest */,
				C63A09AB2EC5824F005CDAAE /* WealthyExtension.appex */,
			);
			name = Products;
			sourceTree = "<group>";
		};
/* End PBXGroup section */

/* Begin PBXNativeTarget section */
		C63A09AA2EC5824F005CDAAE /* WealthyExtension */ = {
			isa = PBXNativeTarget;
			buildConfigurationList = C63A09C32EC5824F005CDAAE /* Build configuration list for PBXNativeTarget "WealthyExtension" */;
			buildPhases = (
				C63A09A72EC5824F005CDAAE /* Sources */,
				C63A09A82EC5824F005CDAAE /* Frameworks */,
				C63A09A92EC5824F005CDAAE /* Resources */,
			);
			buildRules = (
			);
			dependencies = (
			);
			fileSystemSynchronizedGroups = (
				C63A09B12EC5824F005CDAAE /* Wealthy */,
			);
			name = WealthyExtension;
			packageProductDependencies = (
			);
			productName = WealthyExtension;
			productReference = C63A09AB2EC5824F005CDAAE /* WealthyExtension.appex */;
			productType = "com.apple.product-type.app-extension";
		};
		C64A907B2EC048CB001E1F52 /* MyWealthTests */ = {
			isa = PBXNativeTarget;
			buildConfigurationList = C64A90842EC048CB001E1F52 /* Build configuration list for PBXNativeTarget "MyWealthTests" */;
			buildPhases = (
				C64A90782EC048CB001E1F52 /* Sources */,
				C64A90792EC048CB001E1F52 /* Frameworks */,
				C64A907A2EC048CB001E1F52 /* Resources */,
			);
			buildRules = (
			);
			dependencies = (
				C64A90812EC048CB001E1F52 /* PBXTargetDependency */,
			);
			fileSystemSynchronizedGroups = (
				C64A907D2EC048CB001E1F52 /* MyWealthTests */,
			);
			name = MyWealthTests;
			packageProductDependencies = (
			);
			productName = MyWealthTests;
			productReference = C64A907C2EC048CB001E1F52 /* MyWealthTests.xctest */;
			productType = "com.apple.product-type.bundle.unit-test";
		};
		C6FF48652EBE5C0A00A528A7 /* MyWealth */ = {
			isa = PBXNativeTarget;
			buildConfigurationList = C6FF48742EBE5C0B00A528A7 /* Build configuration list for PBXNativeTarget "MyWealth" */;
			buildPhases = (
				C6FF48622EBE5C0A00A528A7 /* Sources */,
				C6FF48632EBE5C0A00A528A7 /* Frameworks */,
				C6FF48642EBE5C0A00A528A7 /* Resources */,
				C63A09C02EC5824F005CDAAE /* Embed Foundation Extensions */,
			);
			buildRules = (
			);
			dependencies = (
				C63A09BE2EC5824F005CDAAE /* PBXTargetDependency */,
			);
			fileSystemSynchronizedGroups = (
				C6FF48682EBE5C0A00A528A7 /* MyWealth */,
			);
			name = MyWealth;
			packageProductDependencies = (
			);
			productName = MyWealth;
			productReference = C6FF48662EBE5C0A00A528A7 /* MyWealth.app */;
			productType = "com.apple.product-type.application";
		};
/* End PBXNativeTarget section */

/* Begin PBXProject section */
		C6FF485E2EBE5C0A00A528A7 /* Project object */ = {
			isa = PBXProject;
			attributes = {
				BuildIndependentTargetsInParallel = 1;
				LastSwiftUpdateCheck = 2610;
				LastUpgradeCheck = 2610;
				TargetAttributes = {
					C63A09AA2EC5824F005CDAAE = {
						CreatedOnToolsVersion = 26.1;
					};
					C64A907B2EC048CB001E1F52 = {
						CreatedOnToolsVersion = 26.1;
						TestTargetID = C6FF48652EBE5C0A00A528A7;
					};
					C6FF48652EBE5C0A00A528A7 = {
						CreatedOnToolsVersion = 26.1;
					};
				};
			};
			buildConfigurationList = C6FF48612EBE5C0A00A528A7 /* Build configuration list for PBXProject "MyWealth" */;
			developmentRegion = en;
			hasScannedForEncodings = 0;
			knownRegions = (
				en,
				Base,
			);
			mainGroup = C6FF485D2EBE5C0A00A528A7;
			minimizedProjectReferenceProxies = 1;
			preferredProjectObjectVersion = 77;
			productRefGroup = C6FF48672EBE5C0A00A528A7 /* Products */;
			projectDirPath = "";
			projectRoot = "";
			targets = (
				C6FF48652EBE5C0A00A528A7 /* MyWealth */,
				C64A907B2EC048CB001E1F52 /* MyWealthTests */,
				C63A09AA2EC5824F005CDAAE /* WealthyExtension */,
			);
		};
/* End PBXProject section */

/* Begin PBXResourcesBuildPhase section */
		C63A09A92EC5824F005CDAAE /* Resources */ = {
			isa = PBXResourcesBuildPhase;
			buildActionMask = 2147483647;
			files = (
			);
			runOnlyForDeploymentPostprocessing = 0;
		};
		C64A907A2EC048CB001E1F52 /* Resources */ = {
			isa = PBXResourcesBuildPhase;
			buildActionMask = 2147483647;
			files = (
			);
			runOnlyForDeploymentPostprocessing = 0;
		};
		C6FF48642EBE5C0A00A528A7 /* Resources */ = {
			isa = PBXResourcesBuildPhase;
			buildActionMask = 2147483647;
			files = (
			);
			runOnlyForDeploymentPostprocessing = 0;
		};
/* End PBXResourcesBuildPhase section */

/* Begin PBXSourcesBuildPhase section */
		C63A09A72EC5824F005CDAAE /* Sources */ = {
			isa = PBXSourcesBuildPhase;
			buildActionMask = 2147483647;
			files = (
			);
			runOnlyForDeploymentPostprocessing = 0;
		};
		C64A90782EC048CB001E1F52 /* Sources */ = {
			isa = PBXSourcesBuildPhase;
			buildActionMask = 2147483647;
			files = (
			);
			runOnlyForDeploymentPostprocessing = 0;
		};
		C6FF48622EBE5C0A00A528A7 /* Sources */ = {
			isa = PBXSourcesBuildPhase;
			buildActionMask = 2147483647;
			files = (
			);
			runOnlyForDeploymentPostprocessing = 0;
		};
/* End PBXSourcesBuildPhase section */

/* Begin PBXTargetDependency section */
		C63A09BE2EC5824F005CDAAE /* PBXTargetDependency */ = {
			isa = PBXTargetDependency;
			target = C63A09AA2EC5824F005CDAAE /* WealthyExtension */;
			targetProxy = C63A09BD2EC5824F005CDAAE /* PBXContainerItemProxy */;
		};
		C64A90812EC048CB001E1F52 /* PBXTargetDependency */ = {
			isa = PBXTargetDependency;
			target = C6FF48652EBE5C0A00A528A7 /* MyWealth */;
			targetProxy = C64A90802EC048CB001E1F52 /* PBXContainerItemProxy */;
		};
/* End PBXTargetDependency section */

/* Begin XCBuildConfiguration section */
		C63A09C12EC5824F005CDAAE /* Debug */ = {
			isa = XCBuildConfiguration;
			buildSettings = {
				ASSETCATALOG_COMPILER_GLOBAL_ACCENT_COLOR_NAME = AccentColor;
				ASSETCATALOG_COMPILER_WIDGET_BACKGROUND_COLOR_NAME = WidgetBackground;
				CODE_SIGN_STYLE = Automatic;
				CURRENT_PROJECT_VERSION = 1;
				DEVELOPMENT_TEAM = 3B2GBCUUPP;
				GENERATE_INFOPLIST_FILE = YES;
				INFOPLIST_FILE = Wealthy/Info.plist;
				INFOPLIST_KEY_CFBundleDisplayName = Wealthy;
				INFOPLIST_KEY_NSHumanReadableCopyright = "";
				LD_RUNPATH_SEARCH_PATHS = (
					"$(inherited)",
					"@executable_path/Frameworks",
					"@executable_path/../../Frameworks",
				);
				MARKETING_VERSION = 1.0;
				PRODUCT_BUNDLE_IDENTIFIER = com.bv.MyWealth.Wealthy;
				PRODUCT_NAME = "$(TARGET_NAME)";
				SKIP_INSTALL = YES;
				STRING_CATALOG_GENERATE_SYMBOLS = YES;
				SWIFT_APPROACHABLE_CONCURRENCY = YES;
				SWIFT_EMIT_LOC_STRINGS = YES;
				SWIFT_UPCOMING_FEATURE_MEMBER_IMPORT_VISIBILITY = YES;
				SWIFT_VERSION = 5.0;
				TARGETED_DEVICE_FAMILY = "1,2";
			};
			name = Debug;
		};
		C63A09C22EC5824F005CDAAE /* Release */ = {
			isa = XCBuildConfiguration;
			buildSettings = {
				ASSETCATALOG_COMPILER_GLOBAL_ACCENT_COLOR_NAME = AccentColor;
				ASSETCATALOG_COMPILER_WIDGET_BACKGROUND_COLOR_NAME = WidgetBackground;
				CODE_SIGN_STYLE = Automatic;
				CURRENT_PROJECT_VERSION = 1;
				DEVELOPMENT_TEAM = 3B2GBCUUPP;
				GENERATE_INFOPLIST_FILE = YES;
				INFOPLIST_FILE = Wealthy/Info.plist;
				INFOPLIST_KEY_CFBundleDisplayName = Wealthy;
				INFOPLIST_KEY_NSHumanReadableCopyright = "";
				LD_RUNPATH_SEARCH_PATHS = (
					"$(inherited)",
					"@executable_path/Frameworks",
					"@executable_path/../../Frameworks",
				);
				MARKETING_VERSION = 1.0;
				PRODUCT_BUNDLE_IDENTIFIER = com.bv.MyWealth.Wealthy;
				PRODUCT_NAME = "$(TARGET_NAME)";
				SKIP_INSTALL = YES;
				STRING_CATALOG_GENERATE_SYMBOLS = YES;
				SWIFT_APPROACHABLE_CONCURRENCY = YES;
				SWIFT_EMIT_LOC_STRINGS = YES;
				SWIFT_UPCOMING_FEATURE_MEMBER_IMPORT_VISIBILITY = YES;
				SWIFT_VERSION = 5.0;
				TARGETED_DEVICE_FAMILY = "1,2";
			};
			name = Release;
		};
		C64A90822EC048CB001E1F52 /* Debug */ = {
			isa = XCBuildConfiguration;
			buildSettings = {
				BUNDLE_LOADER = "$(TEST_HOST)";
				CODE_SIGN_STYLE = Automatic;
				CURRENT_PROJECT_VERSION = 1;
				DEVELOPMENT_TEAM = 3B2GBCUUPP;
				GENERATE_INFOPLIST_FILE = YES;
				MARKETING_VERSION = 1.0;
				PRODUCT_BUNDLE_IDENTIFIER = com.bv.MyWealthTests;
				PRODUCT_NAME = "$(TARGET_NAME)";
				STRING_CATALOG_GENERATE_SYMBOLS = NO;
				SWIFT_APPROACHABLE_CONCURRENCY = YES;
				SWIFT_EMIT_LOC_STRINGS = NO;
				SWIFT_UPCOMING_FEATURE_MEMBER_IMPORT_VISIBILITY = YES;
				SWIFT_VERSION = 5.0;
				TARGETED_DEVICE_FAMILY = "1,2";
				TEST_HOST = "$(BUILT_PRODUCTS_DIR)/MyWealth.app/$(BUNDLE_EXECUTABLE_FOLDER_PATH)/MyWealth";
			};
			name = Debug;
		};
		C64A90832EC048CB001E1F52 /* Release */ = {
			isa = XCBuildConfiguration;
			buildSettings = {
				BUNDLE_LOADER = "$(TEST_HOST)";
				CODE_SIGN_STYLE = Automatic;
				CURRENT_PROJECT_VERSION = 1;
				DEVELOPMENT_TEAM = 3B2GBCUUPP;
				GENERATE_INFOPLIST_FILE = YES;
				MARKETING_VERSION = 1.0;
				PRODUCT_BUNDLE_IDENTIFIER = com.bv.MyWealthTests;
				PRODUCT_NAME = "$(TARGET_NAME)";
				STRING_CATALOG_GENERATE_SYMBOLS = NO;
				SWIFT_APPROACHABLE_CONCURRENCY = YES;
				SWIFT_EMIT_LOC_STRINGS = NO;
				SWIFT_UPCOMING_FEATURE_MEMBER_IMPORT_VISIBILITY = YES;
				SWIFT_VERSION = 5.0;
				TARGETED_DEVICE_FAMILY = "1,2";
				TEST_HOST = "$(BUILT_PRODUCTS_DIR)/MyWealth.app/$(BUNDLE_EXECUTABLE_FOLDER_PATH)/MyWealth";
			};
			name = Release;
		};
		C6FF48752EBE5C0B00A528A7 /* Debug */ = {
			isa = XCBuildConfiguration;
			buildSettings = {
				ASSETCATALOG_COMPILER_APPICON_NAME = AppIcon;
				ASSETCATALOG_COMPILER_GLOBAL_ACCENT_COLOR_NAME = AccentColor;
				ASSETCATALOG_COMPILER_INCLUDE_ALL_APPICON_ASSETS = NO;
				CODE_SIGN_ENTITLEMENTS = MyWealth/MyWealth.entitlements;
				CODE_SIGN_STYLE = Automatic;
				CURRENT_PROJECT_VERSION = 1;
				DEVELOPMENT_TEAM = 3B2GBCUUPP;
				ENABLE_PREVIEWS = YES;
				GENERATE_INFOPLIST_FILE = YES;
				INFOPLIST_FILE = MyWealth/Info.plist;
				INFOPLIST_KEY_CFBundleDisplayName = Wealthy;
				INFOPLIST_KEY_LSApplicationCategoryType = "public.app-category.finance";
				INFOPLIST_KEY_UIApplicationSceneManifest_Generation = YES;
				INFOPLIST_KEY_UIApplicationSupportsIndirectInputEvents = YES;
				INFOPLIST_KEY_UILaunchStoryboardName = "";
				INFOPLIST_KEY_UIStatusBarHidden = YES;
				INFOPLIST_KEY_UISupportedInterfaceOrientations_iPad = "UIInterfaceOrientationPortrait UIInterfaceOrientationPortraitUpsideDown UIInterfaceOrientationLandscapeLeft UIInterfaceOrientationLandscapeRight";
				INFOPLIST_KEY_UISupportedInterfaceOrientations_iPhone = "UIInterfaceOrientationPortrait UIInterfaceOrientationLandscapeLeft UIInterfaceOrientationLandscapeRight";
				LD_RUNPATH_SEARCH_PATHS = (
					"$(inherited)",
					"@executable_path/Frameworks",
				);
				MARKETING_VERSION = 1.0;
				PRODUCT_BUNDLE_IDENTIFIER = com.bv.MyWealth;
				PRODUCT_NAME = "$(TARGET_NAME)";
				STRING_CATALOG_GENERATE_SYMBOLS = YES;
				SWIFT_APPROACHABLE_CONCURRENCY = YES;
				SWIFT_DEFAULT_ACTOR_ISOLATION = MainActor;
				SWIFT_EMIT_LOC_STRINGS = YES;
				SWIFT_UPCOMING_FEATURE_MEMBER_IMPORT_VISIBILITY = YES;
				SWIFT_VERSION = 5.0;
				TARGETED_DEVICE_FAMILY = "1,2";
			};
			name = Debug;
		};
		C6FF48762EBE5C0B00A528A7 /* Release */ = {
			isa = XCBuildConfiguration;
			buildSettings = {
				ASSETCATALOG_COMPILER_APPICON_NAME = AppIcon;
				ASSETCATALOG_COMPILER_GLOBAL_ACCENT_COLOR_NAME = AccentColor;
				ASSETCATALOG_COMPILER_INCLUDE_ALL_APPICON_ASSETS = NO;
				CODE_SIGN_ENTITLEMENTS = MyWealth/MyWealth.entitlements;
				CODE_SIGN_STYLE = Automatic;
				CURRENT_PROJECT_VERSION = 1;
				DEVELOPMENT_TEAM = 3B2GBCUUPP;
				ENABLE_PREVIEWS = YES;
				GENERATE_INFOPLIST_FILE = YES;
				INFOPLIST_FILE = MyWealth/Info.plist;
				INFOPLIST_KEY_CFBundleDisplayName = Wealthy;
				INFOPLIST_KEY_LSApplicationCategoryType = "public.app-category.finance";
				INFOPLIST_KEY_UIApplicationSceneManifest_Generation = YES;
				INFOPLIST_KEY_UIApplicationSupportsIndirectInputEvents = YES;
				INFOPLIST_KEY_UILaunchStoryboardName = "";
				INFOPLIST_KEY_UIStatusBarHidden = YES;
				INFOPLIST_KEY_UISupportedInterfaceOrientations_iPad = "UIInterfaceOrientationPortrait UIInterfaceOrientationPortraitUpsideDown UIInterfaceOrientationLandscapeLeft UIInterfaceOrientationLandscapeRight";
				INFOPLIST_KEY_UISupportedInterfaceOrientations_iPhone = "UIInterfaceOrientationPortrait UIInterfaceOrientationLandscapeLeft UIInterfaceOrientationLandscapeRight";
				LD_RUNPATH_SEARCH_PATHS = (
					"$(inherited)",
					"@executable_path/Frameworks",
				);
				MARKETING_VERSION = 1.0;
				PRODUCT_BUNDLE_IDENTIFIER = com.bv.MyWealth;
				PRODUCT_NAME = "$(TARGET_NAME)";
				STRING_CATALOG_GENERATE_SYMBOLS = YES;
				SWIFT_APPROACHABLE_CONCURRENCY = YES;
				SWIFT_DEFAULT_ACTOR_ISOLATION = MainActor;
				SWIFT_EMIT_LOC_STRINGS = YES;
				SWIFT_UPCOMING_FEATURE_MEMBER_IMPORT_VISIBILITY = YES;
				SWIFT_VERSION = 5.0;
				TARGETED_DEVICE_FAMILY = "1,2";
			};
			name = Release;
		};
		C6FF48772EBE5C0B00A528A7 /* Debug */ = {
			isa = XCBuildConfiguration;
			buildSettings = {
				ALWAYS_SEARCH_USER_PATHS = NO;
				ASSETCATALOG_COMPILER_GENERATE_SWIFT_ASSET_SYMBOL_EXTENSIONS = YES;
				CLANG_ANALYZER_NONNULL = YES;
				CLANG_ANALYZER_NUMBER_OBJECT_CONVERSION = YES_AGGRESSIVE;
				CLANG_CXX_LANGUAGE_STANDARD = "gnu++20";
				CLANG_ENABLE_MODULES = YES;
				CLANG_ENABLE_OBJC_ARC = YES;
				CLANG_ENABLE_OBJC_WEAK = YES;
				CLANG_WARN_BLOCK_CAPTURE_AUTORELEASING = YES;
				CLANG_WARN_BOOL_CONVERSION = YES;
				CLANG_WARN_COMMA = YES;
				CLANG_WARN_CONSTANT_CONVERSION = YES;
				CLANG_WARN_DEPRECATED_OBJC_IMPLEMENTATIONS = YES;
				CLANG_WARN_DIRECT_OBJC_ISA_USAGE = YES_ERROR;
				CLANG_WARN_DOCUMENTATION_COMMENTS = YES;
				CLANG_WARN_EMPTY_BODY = YES;
				CLANG_WARN_ENUM_CONVERSION = YES;
				CLANG_WARN_INFINITE_RECURSION = YES;
				CLANG_WARN_INT_CONVERSION = YES;
				CLANG_WARN_NON_LITERAL_NULL_CONVERSION = YES;
				CLANG_WARN_OBJC_IMPLICIT_RETAIN_SELF = YES;
				CLANG_WARN_OBJC_LITERAL_CONVERSION = YES;
				CLANG_WARN_OBJC_ROOT_CLASS = YES_ERROR;
				CLANG_WARN_QUOTED_INCLUDE_IN_FRAMEWORK_HEADER = YES;
				CLANG_WARN_RANGE_LOOP_ANALYSIS = YES;
				CLANG_WARN_STRICT_PROTOTYPES = YES;
				CLANG_WARN_SUSPICIOUS_MOVE = YES;
				CLANG_WARN_UNGUARDED_AVAILABILITY = YES_AGGRESSIVE;
				CLANG_WARN_UNREACHABLE_CODE = YES;
				CLANG_WARN__DUPLICATE_METHOD_MATCH = YES;
				COPY_PHASE_STRIP = NO;
				DEBUG_INFORMATION_FORMAT = dwarf;
				DEVELOPMENT_TEAM = 3B2GBCUUPP;
				ENABLE_STRICT_OBJC_MSGSEND = YES;
				ENABLE_TESTABILITY = YES;
				ENABLE_USER_SCRIPT_SANDBOXING = YES;
				GCC_C_LANGUAGE_STANDARD = gnu17;
				GCC_DYNAMIC_NO_PIC = NO;
				GCC_NO_COMMON_BLOCKS = YES;
				GCC_OPTIMIZATION_LEVEL = 0;
				GCC_PREPROCESSOR_DEFINITIONS = (
					"DEBUG=1",
					"$(inherited)",
				);
				GCC_WARN_64_TO_32_BIT_CONVERSION = YES;
				GCC_WARN_ABOUT_RETURN_TYPE = YES_ERROR;
				GCC_WARN_UNDECLARED_SELECTOR = YES;
				GCC_WARN_UNINITIALIZED_AUTOS = YES_AGGRESSIVE;
				GCC_WARN_UNUSED_FUNCTION = YES;
				GCC_WARN_UNUSED_VARIABLE = YES;
				INFOPLIST_KEY_UILaunchScreen_Generation = YES;
				INFOPLIST_KEY_UILaunchStoryboardName = "Launch Screen";
				IPHONEOS_DEPLOYMENT_TARGET = 26.1;
				LOCALIZATION_PREFERS_STRING_CATALOGS = YES;
				MTL_ENABLE_DEBUG_INFO = INCLUDE_SOURCE;
				MTL_FAST_MATH = YES;
				ONLY_ACTIVE_ARCH = YES;
				SDKROOT = iphoneos;
				SWIFT_ACTIVE_COMPILATION_CONDITIONS = "DEBUG $(inherited)";
				SWIFT_OPTIMIZATION_LEVEL = "-Onone";
			};
			name = Debug;
		};
		C6FF48782EBE5C0B00A528A7 /* Release */ = {
			isa = XCBuildConfiguration;
			buildSettings = {
				ALWAYS_SEARCH_USER_PATHS = NO;
				ASSETCATALOG_COMPILER_GENERATE_SWIFT_ASSET_SYMBOL_EXTENSIONS = YES;
				CLANG_ANALYZER_NONNULL = YES;
				CLANG_ANALYZER_NUMBER_OBJECT_CONVERSION = YES_AGGRESSIVE;
				CLANG_CXX_LANGUAGE_STANDARD = "gnu++20";
				CLANG_ENABLE_MODULES = YES;
				CLANG_ENABLE_OBJC_ARC = YES;
				CLANG_ENABLE_OBJC_WEAK = YES;
				CLANG_WARN_BLOCK_CAPTURE_AUTORELEASING = YES;
				CLANG_WARN_BOOL_CONVERSION = YES;
				CLANG_WARN_COMMA = YES;
				CLANG_WARN_CONSTANT_CONVERSION = YES;
				CLANG_WARN_DEPRECATED_OBJC_IMPLEMENTATIONS = YES;
				CLANG_WARN_DIRECT_OBJC_ISA_USAGE = YES_ERROR;
				CLANG_WARN_DOCUMENTATION_COMMENTS = YES;
				CLANG_WARN_EMPTY_BODY = YES;
				CLANG_WARN_ENUM_CONVERSION = YES;
				CLANG_WARN_INFINITE_RECURSION = YES;
				CLANG_WARN_INT_CONVERSION = YES;
				CLANG_WARN_NON_LITERAL_NULL_CONVERSION = YES;
				CLANG_WARN_OBJC_IMPLICIT_RETAIN_SELF = YES;
				CLANG_WARN_OBJC_LITERAL_CONVERSION = YES;
				CLANG_WARN_OBJC_ROOT_CLASS = YES_ERROR;
				CLANG_WARN_QUOTED_INCLUDE_IN_FRAMEWORK_HEADER = YES;
				CLANG_WARN_RANGE_LOOP_ANALYSIS = YES;
				CLANG_WARN_STRICT_PROTOTYPES = YES;
				CLANG_WARN_SUSPICIOUS_MOVE = YES;
				CLANG_WARN_UNGUARDED_AVAILABILITY = YES_AGGRESSIVE;
				CLANG_WARN_UNREACHABLE_CODE = YES;
				CLANG_WARN__DUPLICATE_METHOD_MATCH = YES;
				COPY_PHASE_STRIP = NO;
				DEBUG_INFORMATION_FORMAT = "dwarf-with-dsym";
				DEVELOPMENT_TEAM = 3B2GBCUUPP;
				ENABLE_NS_ASSERTIONS = NO;
				ENABLE_STRICT_OBJC_MSGSEND = YES;
				ENABLE_USER_SCRIPT_SANDBOXING = YES;
				GCC_C_LANGUAGE_STANDARD = gnu17;
				GCC_NO_COMMON_BLOCKS = YES;
				GCC_WARN_64_TO_32_BIT_CONVERSION = YES;
				GCC_WARN_ABOUT_RETURN_TYPE = YES_ERROR;
				GCC_WARN_UNDECLARED_SELECTOR = YES;
				GCC_WARN_UNINITIALIZED_AUTOS = YES_AGGRESSIVE;
				GCC_WARN_UNUSED_FUNCTION = YES;
				GCC_WARN_UNUSED_VARIABLE = YES;
				INFOPLIST_KEY_UILaunchScreen_Generation = YES;
				INFOPLIST_KEY_UILaunchStoryboardName = "Launch Screen";
				IPHONEOS_DEPLOYMENT_TARGET = 26.1;
				LOCALIZATION_PREFERS_STRING_CATALOGS = YES;
				MTL_ENABLE_DEBUG_INFO = NO;
				MTL_FAST_MATH = YES;
				SDKROOT = iphoneos;
				SWIFT_COMPILATION_MODE = wholemodule;
				VALIDATE_PRODUCT = YES;
			};
			name = Release;
		};
/* End XCBuildConfiguration section */

/* Begin XCConfigurationList section */
		C63A09C32EC5824F005CDAAE /* Build configuration list for PBXNativeTarget "WealthyExtension" */ = {
			isa = XCConfigurationList;
			buildConfigurations = (
				C63A09C12EC5824F005CDAAE /* Debug */,
				C63A09C22EC5824F005CDAAE /* Release */,
			);
			defaultConfigurationIsVisible = 0;
			defaultConfigurationName = Release;
		};
		C64A90842EC048CB001E1F52 /* Build configuration list for PBXNativeTarget "MyWealthTests" */ = {
			isa = XCConfigurationList;
			buildConfigurations = (
				C64A90822EC048CB001E1F52 /* Debug */,
				C64A90832EC048CB001E1F52 /* Release */,
			);
			defaultConfigurationIsVisible = 0;
			defaultConfigurationName = Release;
		};
		C6FF48612EBE5C0A00A528A7 /* Build configuration list for PBXProject "MyWealth" */ = {
			isa = XCConfigurationList;
			buildConfigurations = (
				C6FF48772EBE5C0B00A528A7 /* Debug */,
				C6FF48782EBE5C0B00A528A7 /* Release */,
			);
			defaultConfigurationIsVisible = 0;
			defaultConfigurationName = Release;
		};
		C6FF48742EBE5C0B00A528A7 /* Build configuration list for PBXNativeTarget "MyWealth" */ = {
			isa = XCConfigurationList;
			buildConfigurations = (
				C6FF48752EBE5C0B00A528A7 /* Debug */,
				C6FF48762EBE5C0B00A528A7 /* Release */,
			);
			defaultConfigurationIsVisible = 0;
			defaultConfigurationName = Release;
		};
/* End XCConfigurationList section */
	};
	rootObject = C6FF485E2EBE5C0A00A528A7 /* Project object */;
}
